
Microsoft Visual Studio Solution File, Format Version 12.00
# Visual Studio Version 17
VisualStudioVersion = 17.6.33829.357
MinimumVisualStudioVersion = 10.0.40219.1
Project("{FAE04EC0-301F-11D3-BF4B-00C04F79EFBC}") = "ClientIPChecker", "ClientIPChecker\ClientIPChecker.csproj", "{10DD442F-E1F3-4BB8-A115-30231CF3D879}"
EndProject
Global
	GlobalSection(SolutionConfigurationPlatforms) = preSolution
		Debug|Any CPU = Debug|Any CPU
		Release|Any CPU = Release|Any CPU
	EndGlobalSection
	GlobalSection(ProjectConfigurationPlatforms) = postSolution
		{10DD442F-E1F3-4BB8-A115-30231CF3D879}.Debug|Any CPU.ActiveCfg = Debug|Any CPU
		{10DD442F-E1F3-4BB8-A115-30231CF3D879}.Debug|Any CPU.Build.0 = Debug|Any CPU
		{10DD442F-E1F3-4BB8-A115-30231CF3D879}.Release|Any CPU.ActiveCfg = Release|Any CPU
		{10DD442F-E1F3-4BB8-A115-30231CF3D879}.Release|Any CPU.Build.0 = Release|Any CPU
	EndGlobalSection
	GlobalSection(SolutionProperties) = preSolution
		HideSolutionNode = FALSE
	EndGlobalSection
	GlobalSection(ExtensibilityGlobals) = postSolution
		SolutionGuid = {D32E4B3F-0A76-4EDB-B115-129473E66CBA}
	EndGlobalSection
EndGlobal
